// !$*UTF8*$!
{
	archiveVersion = 1;
	classes = {
	};
	objectVersion = 46;
	objects = {

/* Begin PBXBuildFile section */
		3D89411A1DCB165F00C32529 /* main.m in Sources */ = {isa = PBXBuildFile; fileRef = 3D8941191DCB165F00C32529 /* main.m */; };
		3D89411D1DCB165F00C32529 /* AppDelegate.m in Sources */ = {isa = PBXBuildFile; fileRef = 3D89411C1DCB165F00C32529 /* AppDelegate.m */; };
		3D8941201DCB165F00C32529 /* ViewController.m in Sources */ = {isa = PBXBuildFile; fileRef = 3D89411F1DCB165F00C32529 /* ViewController.m */; };
		3D8941231DCB165F00C32529 /* Main.storyboard in Resources */ = {isa = PBXBuildFile; fileRef = 3D8941211DCB165F00C32529 /* Main.storyboard */; };
		3D8941251DCB165F00C32529 /* Assets.xcassets in Resources */ = {isa = PBXBuildFile; fileRef = 3D8941241DCB165F00C32529 /* Assets.xcassets */; };
		3D8941281DCB165F00C32529 /* LaunchScreen.storyboard in Resources */ = {isa = PBXBuildFile; fileRef = 3D8941261DCB165F00C32529 /* LaunchScreen.storyboard */; };
		3D8941431DCB175E00C32529 /* amf.c in Sources */ = {isa = PBXBuildFile; fileRef = 3D8941301DCB175E00C32529 /* amf.c */; };
		3D8941441DCB175E00C32529 /* COPYING in Resources */ = {isa = PBXBuildFile; fileRef = 3D8941331DCB175E00C32529 /* COPYING */; };
		3D8941451DCB175E00C32529 /* hashswf.c in Sources */ = {isa = PBXBuildFile; fileRef = 3D8941371DCB175E00C32529 /* hashswf.c */; };
		3D8941461DCB175E00C32529 /* librtmp.3 in Resources */ = {isa = PBXBuildFile; fileRef = 3D8941391DCB175E00C32529 /* librtmp.3 */; };
		3D8941471DCB175E00C32529 /* librtmp.3.html in Resources */ = {isa = PBXBuildFile; fileRef = 3D89413A1DCB175E00C32529 /* librtmp.3.html */; };
		3D8941481DCB175E00C32529 /* librtmp.pc.in in Resources */ = {isa = PBXBuildFile; fileRef = 3D89413B1DCB175E00C32529 /* librtmp.pc.in */; };
		3D8941491DCB175E00C32529 /* log.c in Sources */ = {isa = PBXBuildFile; fileRef = 3D89413C1DCB175E00C32529 /* log.c */; };
		3D89414A1DCB175E00C32529 /* Makefile in Sources */ = {isa = PBXBuildFile; fileRef = 3D89413E1DCB175E00C32529 /* Makefile */; };
		3D89414B1DCB175E00C32529 /* parseurl.c in Sources */ = {isa = PBXBuildFile; fileRef = 3D89413F1DCB175E00C32529 /* parseurl.c */; };
		3D89414C1DCB175E00C32529 /* rtmp.c in Sources */ = {isa = PBXBuildFile; fileRef = 3D8941401DCB175E00C32529 /* rtmp.c */; };
		3D8941561DCB17FE00C32529 /* CPAACEncoder.m in Sources */ = {isa = PBXBuildFile; fileRef = 3D89414F1DCB17FE00C32529 /* CPAACEncoder.m */; };
		3D8941571DCB17FE00C32529 /* CPH264Encoder.m in Sources */ = {isa = PBXBuildFile; fileRef = 3D8941511DCB17FE00C32529 /* CPH264Encoder.m */; };
		3D8941581DCB17FE00C32529 /* CPPushEngine.m in Sources */ = {isa = PBXBuildFile; fileRef = 3D8941531DCB17FE00C32529 /* CPPushEngine.m */; };
		3D8941591DCB17FE00C32529 /* CPRecord.m in Sources */ = {isa = PBXBuildFile; fileRef = 3D8941551DCB17FE00C32529 /* CPRecord.m */; };
		3D89415C1DCB1FE900C32529 /* CPStreamingManager.m in Sources */ = {isa = PBXBuildFile; fileRef = 3D89415B1DCB1FE900C32529 /* CPStreamingManager.m */; };
/* End PBXBuildFile section */

/* Begin PBXFileReference section */
		3D8941151DCB165F00C32529 /* CPStreamingMedia.app */ = {isa = PBXFileReference; explicitFileType = wrapper.application; includeInIndex = 0; path = CPStreamingMedia.app; sourceTree = BUILT_PRODUCTS_DIR; };
		3D8941191DCB165F00C32529 /* main.m */ = {isa = PBXFileReference; lastKnownFileType = sourcecode.c.objc; path = main.m; sourceTree = "<group>"; };
		3D89411B1DCB165F00C32529 /* AppDelegate.h */ = {isa = PBXFileReference; lastKnownFileType = sourcecode.c.h; path = AppDelegate.h; sourceTree = "<group>"; };
		3D89411C1DCB165F00C32529 /* AppDelegate.m */ = {isa = PBXFileReference; lastKnownFileType = sourcecode.c.objc; path = AppDelegate.m; sourceTree = "<group>"; };
		3D89411E1DCB165F00C32529 /* ViewController.h */ = {isa = PBXFileReference; lastKnownFileType = sourcecode.c.h; path = ViewController.h; sourceTree = "<group>"; };
		3D89411F1DCB165F00C32529 /* ViewController.m */ = {isa = PBXFileReference; lastKnownFileType = sourcecode.c.objc; path = ViewController.m; sourceTree = "<group>"; };
		3D8941221DCB165F00C32529 /* Base */ = {isa = PBXFileReference; lastKnownFileType = file.storyboard; name = Base; path = Base.lproj/Main.storyboard; sourceTree = "<group>"; };
		3D8941241DCB165F00C32529 /* Assets.xcassets */ = {isa = PBXFileReference; lastKnownFileType = folder.assetcatalog; path = Assets.xcassets; sourceTree = "<group>"; };
		3D8941271DCB165F00C32529 /* Base */ = {isa = PBXFileReference; lastKnownFileType = file.storyboard; name = Base; path = Base.lproj/LaunchScreen.storyboard; sourceTree = "<group>"; };
		3D8941291DCB165F00C32529 /* Info.plist */ = {isa = PBXFileReference; lastKnownFileType = text.plist.xml; path = Info.plist; sourceTree = "<group>"; };
		3D8941301DCB175E00C32529 /* amf.c */ = {isa = PBXFileReference; fileEncoding = 4; lastKnownFileType = sourcecode.c.c; path = amf.c; sourceTree = "<group>"; };
		3D8941311DCB175E00C32529 /* amf.h */ = {isa = PBXFileReference; fileEncoding = 4; lastKnownFileType = sourcecode.c.h; path = amf.h; sourceTree = "<group>"; };
		3D8941321DCB175E00C32529 /* bytes.h */ = {isa = PBXFileReference; fileEncoding = 4; lastKnownFileType = sourcecode.c.h; path = bytes.h; sourceTree = "<group>"; };
		3D8941331DCB175E00C32529 /* COPYING */ = {isa = PBXFileReference; fileEncoding = 4; lastKnownFileType = text; path = COPYING; sourceTree = "<group>"; };
		3D8941341DCB175E00C32529 /* dh.h */ = {isa = PBXFileReference; fileEncoding = 4; lastKnownFileType = sourcecode.c.h; path = dh.h; sourceTree = "<group>"; };
		3D8941351DCB175E00C32529 /* dhgroups.h */ = {isa = PBXFileReference; fileEncoding = 4; lastKnownFileType = sourcecode.c.h; path = dhgroups.h; sourceTree = "<group>"; };
		3D8941361DCB175E00C32529 /* handshake.h */ = {isa = PBXFileReference; fileEncoding = 4; lastKnownFileType = sourcecode.c.h; path = handshake.h; sourceTree = "<group>"; };
		3D8941371DCB175E00C32529 /* hashswf.c */ = {isa = PBXFileReference; fileEncoding = 4; lastKnownFileType = sourcecode.c.c; path = hashswf.c; sourceTree = "<group>"; };
		3D8941381DCB175E00C32529 /* http.h */ = {isa = PBXFileReference; fileEncoding = 4; lastKnownFileType = sourcecode.c.h; path = http.h; sourceTree = "<group>"; };
		3D8941391DCB175E00C32529 /* librtmp.3 */ = {isa = PBXFileReference; fileEncoding = 4; lastKnownFileType = text; path = librtmp.3; sourceTree = "<group>"; };
		3D89413A1DCB175E00C32529 /* librtmp.3.html */ = {isa = PBXFileReference; fileEncoding = 4; lastKnownFileType = text.html; path = librtmp.3.html; sourceTree = "<group>"; };
		3D89413B1DCB175E00C32529 /* librtmp.pc.in */ = {isa = PBXFileReference; fileEncoding = 4; lastKnownFileType = text; path = librtmp.pc.in; sourceTree = "<group>"; };
		3D89413C1DCB175E00C32529 /* log.c */ = {isa = PBXFileReference; fileEncoding = 4; lastKnownFileType = sourcecode.c.c; path = log.c; sourceTree = "<group>"; };
		3D89413D1DCB175E00C32529 /* log.h */ = {isa = PBXFileReference; fileEncoding = 4; lastKnownFileType = sourcecode.c.h; path = log.h; sourceTree = "<group>"; };
		3D89413E1DCB175E00C32529 /* Makefile */ = {isa = PBXFileReference; fileEncoding = 4; lastKnownFileType = sourcecode.make; path = Makefile; sourceTree = "<group>"; };
		3D89413F1DCB175E00C32529 /* parseurl.c */ = {isa = PBXFileReference; fileEncoding = 4; lastKnownFileType = sourcecode.c.c; path = parseurl.c; sourceTree = "<group>"; };
		3D8941401DCB175E00C32529 /* rtmp.c */ = {isa = PBXFileReference; fileEncoding = 4; lastKnownFileType = sourcecode.c.c; path = rtmp.c; sourceTree = "<group>"; };
		3D8941411DCB175E00C32529 /* rtmp.h */ = {isa = PBXFileReference; fileEncoding = 4; lastKnownFileType = sourcecode.c.h; path = rtmp.h; sourceTree = "<group>"; };
		3D8941421DCB175E00C32529 /* rtmp_sys.h */ = {isa = PBXFileReference; fileEncoding = 4; lastKnownFileType = sourcecode.c.h; path = rtmp_sys.h; sourceTree = "<group>"; };
		3D89414E1DCB17FE00C32529 /* CPAACEncoder.h */ = {isa = PBXFileReference; fileEncoding = 4; lastKnownFileType = sourcecode.c.h; path = CPAACEncoder.h; sourceTree = "<group>"; };
		3D89414F1DCB17FE00C32529 /* CPAACEncoder.m */ = {isa = PBXFileReference; fileEncoding = 4; lastKnownFileType = sourcecode.c.objc; path = CPAACEncoder.m; sourceTree = "<group>"; };
		3D8941501DCB17FE00C32529 /* CPH264Encoder.h */ = {isa = PBXFileReference; fileEncoding = 4; lastKnownFileType = sourcecode.c.h; path = CPH264Encoder.h; sourceTree = "<group>"; };
		3D8941511DCB17FE00C32529 /* CPH264Encoder.m */ = {isa = PBXFileReference; fileEncoding = 4; lastKnownFileType = sourcecode.c.objc; path = CPH264Encoder.m; sourceTree = "<group>"; };
		3D8941521DCB17FE00C32529 /* CPPushEngine.h */ = {isa = PBXFileReference; fileEncoding = 4; lastKnownFileType = sourcecode.c.h; path = CPPushEngine.h; sourceTree = "<group>"; };
		3D8941531DCB17FE00C32529 /* CPPushEngine.m */ = {isa = PBXFileReference; fileEncoding = 4; lastKnownFileType = sourcecode.c.objc; path = CPPushEngine.m; sourceTree = "<group>"; };
		3D8941541DCB17FE00C32529 /* CPRecord.h */ = {isa = PBXFileReference; fileEncoding = 4; lastKnownFileType = sourcecode.c.h; path = CPRecord.h; sourceTree = "<group>"; };
		3D8941551DCB17FE00C32529 /* CPRecord.m */ = {isa = PBXFileReference; fileEncoding = 4; lastKnownFileType = sourcecode.c.objc; path = CPRecord.m; sourceTree = "<group>"; };
		3D89415A1DCB1FE900C32529 /* CPStreamingManager.h */ = {isa = PBXFileReference; fileEncoding = 4; lastKnownFileType = sourcecode.c.h; path = CPStreamingManager.h; sourceTree = "<group>"; };
		3D89415B1DCB1FE900C32529 /* CPStreamingManager.m */ = {isa = PBXFileReference; fileEncoding = 4; lastKnownFileType = sourcecode.c.objc; path = CPStreamingManager.m; sourceTree = "<group>"; };
/* End PBXFileReference section */

/* Begin PBXFrameworksBuildPhase section */
		3D8941121DCB165F00C32529 /* Frameworks */ = {
			isa = PBXFrameworksBuildPhase;
			buildActionMask = 2147483647;
			files = (
			);
			runOnlyForDeploymentPostprocessing = 0;
		};
/* End PBXFrameworksBuildPhase section */

/* Begin PBXGroup section */
		3D89410C1DCB165F00C32529 = {
			isa = PBXGroup;
			children = (
				3D8941171DCB165F00C32529 /* CPStreamingMedia */,
				3D8941161DCB165F00C32529 /* Products */,
			);
			sourceTree = "<group>";
		};
		3D8941161DCB165F00C32529 /* Products */ = {
			isa = PBXGroup;
			children = (
				3D8941151DCB165F00C32529 /* CPStreamingMedia.app */,
			);
			name = Products;
			sourceTree = "<group>";
		};
		3D8941171DCB165F00C32529 /* CPStreamingMedia */ = {
			isa = PBXGroup;
			children = (
				3D89412F1DCB175E00C32529 /* librtmp */,
				3D89414D1DCB17FE00C32529 /* lib4Streaming */,
				3D89411B1DCB165F00C32529 /* AppDelegate.h */,
				3D89411C1DCB165F00C32529 /* AppDelegate.m */,
				3D89411E1DCB165F00C32529 /* ViewController.h */,
				3D89411F1DCB165F00C32529 /* ViewController.m */,
				3D8941211DCB165F00C32529 /* Main.storyboard */,
				3D8941241DCB165F00C32529 /* Assets.xcassets */,
				3D8941261DCB165F00C32529 /* LaunchScreen.storyboard */,
				3D8941291DCB165F00C32529 /* Info.plist */,
				3D8941181DCB165F00C32529 /* Supporting Files */,
			);
			path = CPStreamingMedia;
			sourceTree = "<group>";
		};
		3D8941181DCB165F00C32529 /* Supporting Files */ = {
			isa = PBXGroup;
			children = (
				3D8941191DCB165F00C32529 /* main.m */,
			);
			name = "Supporting Files";
			sourceTree = "<group>";
		};
		3D89412F1DCB175E00C32529 /* librtmp */ = {
			isa = PBXGroup;
			children = (
				3D8941301DCB175E00C32529 /* amf.c */,
				3D8941311DCB175E00C32529 /* amf.h */,
				3D8941321DCB175E00C32529 /* bytes.h */,
				3D8941331DCB175E00C32529 /* COPYING */,
				3D8941341DCB175E00C32529 /* dh.h */,
				3D8941351DCB175E00C32529 /* dhgroups.h */,
				3D8941361DCB175E00C32529 /* handshake.h */,
				3D8941371DCB175E00C32529 /* hashswf.c */,
				3D8941381DCB175E00C32529 /* http.h */,
				3D8941391DCB175E00C32529 /* librtmp.3 */,
				3D89413A1DCB175E00C32529 /* librtmp.3.html */,
				3D89413B1DCB175E00C32529 /* librtmp.pc.in */,
				3D89413C1DCB175E00C32529 /* log.c */,
				3D89413D1DCB175E00C32529 /* log.h */,
				3D89413E1DCB175E00C32529 /* Makefile */,
				3D89413F1DCB175E00C32529 /* parseurl.c */,
				3D8941401DCB175E00C32529 /* rtmp.c */,
				3D8941411DCB175E00C32529 /* rtmp.h */,
				3D8941421DCB175E00C32529 /* rtmp_sys.h */,
			);
			path = librtmp;
			sourceTree = "<group>";
		};
		3D89414D1DCB17FE00C32529 /* lib4Streaming */ = {
			isa = PBXGroup;
			children = (
				3D89415A1DCB1FE900C32529 /* CPStreamingManager.h */,
				3D89415B1DCB1FE900C32529 /* CPStreamingManager.m */,
				3D8941541DCB17FE00C32529 /* CPRecord.h */,
				3D8941551DCB17FE00C32529 /* CPRecord.m */,
				3D89414E1DCB17FE00C32529 /* CPAACEncoder.h */,
				3D89414F1DCB17FE00C32529 /* CPAACEncoder.m */,
				3D8941501DCB17FE00C32529 /* CPH264Encoder.h */,
				3D8941511DCB17FE00C32529 /* CPH264Encoder.m */,
				3D8941521DCB17FE00C32529 /* CPPushEngine.h */,
				3D8941531DCB17FE00C32529 /* CPPushEngine.m */,
			);
			path = lib4Streaming;
			sourceTree = "<group>";
		};
/* End PBXGroup section */

/* Begin PBXNativeTarget section */
		3D8941141DCB165F00C32529 /* CPStreamingMedia */ = {
			isa = PBXNativeTarget;
			buildConfigurationList = 3D89412C1DCB165F00C32529 /* Build configuration list for PBXNativeTarget "CPStreamingMedia" */;
			buildPhases = (
				3D8941111DCB165F00C32529 /* Sources */,
				3D8941121DCB165F00C32529 /* Frameworks */,
				3D8941131DCB165F00C32529 /* Resources */,
			);
			buildRules = (
			);
			dependencies = (
			);
			name = CPStreamingMedia;
			productName = CPStreamingMedia;
			productReference = 3D8941151DCB165F00C32529 /* CPStreamingMedia.app */;
			productType = "com.apple.product-type.application";
		};
/* End PBXNativeTarget section */

/* Begin PBXProject section */
		3D89410D1DCB165F00C32529 /* Project object */ = {
			isa = PBXProject;
			attributes = {
				LastUpgradeCheck = 0800;
				ORGANIZATIONNAME = P.Chen;
				TargetAttributes = {
					3D8941141DCB165F00C32529 = {
						CreatedOnToolsVersion = 8.0;
						DevelopmentTeam = ZQ58X4RGMX;
						ProvisioningStyle = Automatic;
					};
				};
			};
			buildConfigurationList = 3D8941101DCB165F00C32529 /* Build configuration list for PBXProject "CPStreamingMedia" */;
			compatibilityVersion = "Xcode 3.2";
			developmentRegion = English;
			hasScannedForEncodings = 0;
			knownRegions = (
				en,
				Base,
			);
			mainGroup = 3D89410C1DCB165F00C32529;
			productRefGroup = 3D8941161DCB165F00C32529 /* Products */;
			projectDirPath = "";
			projectRoot = "";
			targets = (
				3D8941141DCB165F00C32529 /* CPStreamingMedia */,
			);
		};
/* End PBXProject section */

/* Begin PBXResourcesBuildPhase section */
		3D8941131DCB165F00C32529 /* Resources */ = {
			isa = PBXResourcesBuildPhase;
			buildActionMask = 2147483647;
			files = (
				3D8941441DCB175E00C32529 /* COPYING in Resources */,
				3D8941281DCB165F00C32529 /* LaunchScreen.storyboard in Resources */,
				3D8941471DCB175E00C32529 /* librtmp.3.html in Resources */,
				3D8941461DCB175E00C32529 /* librtmp.3 in Resources */,
				3D8941481DCB175E00C32529 /* librtmp.pc.in in Resources */,
				3D8941251DCB165F00C32529 /* Assets.xcassets in Resources */,
				3D8941231DCB165F00C32529 /* Main.storyboard in Resources */,
			);
			runOnlyForDeploymentPostprocessing = 0;
		};
/* End PBXResourcesBuildPhase section */

/* Begin PBXSourcesBuildPhase section */
		3D8941111DCB165F00C32529 /* Sources */ = {
			isa = PBXSourcesBuildPhase;
			buildActionMask = 2147483647;
			files = (
				3D8941491DCB175E00C32529 /* log.c in Sources */,
				3D89414B1DCB175E00C32529 /* parseurl.c in Sources */,
				3D8941201DCB165F00C32529 /* ViewController.m in Sources */,
				3D8941451DCB175E00C32529 /* hashswf.c in Sources */,
				3D8941591DCB17FE00C32529 /* CPRecord.m in Sources */,
				3D89411D1DCB165F00C32529 /* AppDelegate.m in Sources */,
				3D8941431DCB175E00C32529 /* amf.c in Sources */,
				3D8941561DCB17FE00C32529 /* CPAACEncoder.m in Sources */,
				3D89414A1DCB175E00C32529 /* Makefile in Sources */,
				3D8941571DCB17FE00C32529 /* CPH264Encoder.m in Sources */,
				3D89411A1DCB165F00C32529 /* main.m in Sources */,
				3D89415C1DCB1FE900C32529 /* CPStreamingManager.m in Sources */,
				3D8941581DCB17FE00C32529 /* CPPushEngine.m in Sources */,
				3D89414C1DCB175E00C32529 /* rtmp.c in Sources */,
			);
			runOnlyForDeploymentPostprocessing = 0;
		};
/* End PBXSourcesBuildPhase section */

/* Begin PBXVariantGroup section */
		3D8941211DCB165F00C32529 /* Main.storyboard */ = {
			isa = PBXVariantGroup;
			children = (
				3D8941221DCB165F00C32529 /* Base */,
			);
			name = Main.storyboard;
			sourceTree = "<group>";
		};
		3D8941261DCB165F00C32529 /* LaunchScreen.storyboard */ = {
			isa = PBXVariantGroup;
			children = (
				3D8941271DCB165F00C32529 /* Base */,
			);
			name = LaunchScreen.storyboard;
			sourceTree = "<group>";
		};
/* End PBXVariantGroup section */

/* Begin XCBuildConfiguration section */
		3D89412A1DCB165F00C32529 /* Debug */ = {
			isa = XCBuildConfiguration;
			buildSettings = {
				ALWAYS_SEARCH_USER_PATHS = NO;
				CLANG_ANALYZER_NONNULL = YES;
				CLANG_CXX_LANGUAGE_STANDARD = "gnu++0x";
				CLANG_CXX_LIBRARY = "libc++";
				CLANG_ENABLE_MODULES = YES;
				CLANG_ENABLE_OBJC_ARC = YES;
				CLANG_WARN_BOOL_CONVERSION = YES;
				CLANG_WARN_CONSTANT_CONVERSION = YES;
				CLANG_WARN_DIRECT_OBJC_ISA_USAGE = YES_ERROR;
				CLANG_WARN_DOCUMENTATION_COMMENTS = YES;
				CLANG_WARN_EMPTY_BODY = YES;
				CLANG_WARN_ENUM_CONVERSION = YES;
				CLANG_WARN_INFINITE_RECURSION = YES;
				CLANG_WARN_INT_CONVERSION = YES;
				CLANG_WARN_OBJC_ROOT_CLASS = YES_ERROR;
				CLANG_WARN_SUSPICIOUS_MOVES = YES;
				CLANG_WARN_UNREACHABLE_CODE = YES;
				CLANG_WARN__DUPLICATE_METHOD_MATCH = YES;
				"CODE_SIGN_IDENTITY[sdk=iphoneos*]" = "iPhone Developer";
				COPY_PHASE_STRIP = NO;
				DEBUG_INFORMATION_FORMAT = dwarf;
				ENABLE_STRICT_OBJC_MSGSEND = YES;
				ENABLE_TESTABILITY = YES;
				GCC_C_LANGUAGE_STANDARD = gnu99;
				GCC_DYNAMIC_NO_PIC = NO;
				GCC_NO_COMMON_BLOCKS = YES;
				GCC_OPTIMIZATION_LEVEL = 0;
				GCC_PREPROCESSOR_DEFINITIONS = (
					"DEBUG=1",
					"$(inherited)",
				);
				GCC_WARN_64_TO_32_BIT_CONVERSION = YES;
				GCC_WARN_ABOUT_RETURN_TYPE = YES_ERROR;
				GCC_WARN_UNDECLARED_SELECTOR = YES;
				GCC_WARN_UNINITIALIZED_AUTOS = YES_AGGRESSIVE;
				GCC_WARN_UNUSED_FUNCTION = YES;
				GCC_WARN_UNUSED_VARIABLE = YES;
				IPHONEOS_DEPLOYMENT_TARGET = 9.0;
				MTL_ENABLE_DEBUG_INFO = YES;
				ONLY_ACTIVE_ARCH = YES;
				SDKROOT = iphoneos;
				TARGETED_DEVICE_FAMILY = "1,2";
			};
			name = Debug;
		};
		3D89412B1DCB165F00C32529 /* Release */ = {
			isa = XCBuildConfiguration;
			buildSettings = {
				ALWAYS_SEARCH_USER_PATHS = NO;
				CLANG_ANALYZER_NONNULL = YES;
				CLANG_CXX_LANGUAGE_STANDARD = "gnu++0x";
				CLANG_CXX_LIBRARY = "libc++";
				CLANG_ENABLE_MODULES = YES;
				CLANG_ENABLE_OBJC_ARC = YES;
				CLANG_WARN_BOOL_CONVERSION = YES;
				CLANG_WARN_CONSTANT_CONVERSION = YES;
				CLANG_WARN_DIRECT_OBJC_ISA_USAGE = YES_ERROR;
				CLANG_WARN_DOCUMENTATION_COMMENTS = YES;
				CLANG_WARN_EMPTY_BODY = YES;
				CLANG_WARN_ENUM_CONVERSION = YES;
				CLANG_WARN_INFINITE_RECURSION = YES;
				CLANG_WARN_INT_CONVERSION = YES;
				CLANG_WARN_OBJC_ROOT_CLASS = YES_ERROR;
				CLANG_WARN_SUSPICIOUS_MOVES = YES;
				CLANG_WARN_UNREACHABLE_CODE = YES;
				CLANG_WARN__DUPLICATE_METHOD_MATCH = YES;
				"CODE_SIGN_IDENTITY[sdk=iphoneos*]" = "iPhone Developer";
				COPY_PHASE_STRIP = NO;
				DEBUG_INFORMATION_FORMAT = "dwarf-with-dsym";
				ENABLE_NS_ASSERTIONS = NO;
				ENABLE_STRICT_OBJC_MSGSEND = YES;
				GCC_C_LANGUAGE_STANDARD = gnu99;
				GCC_NO_COMMON_BLOCKS = YES;
				GCC_WARN_64_TO_32_BIT_CONVERSION = YES;
				GCC_WARN_ABOUT_RETURN_TYPE = YES_ERROR;
				GCC_WARN_UNDECLARED_SELECTOR = YES;
				GCC_WARN_UNINITIALIZED_AUTOS = YES_AGGRESSIVE;
				GCC_WARN_UNUSED_FUNCTION = YES;
				GCC_WARN_UNUSED_VARIABLE = YES;
				IPHONEOS_DEPLOYMENT_TARGET = 9.0;
				MTL_ENABLE_DEBUG_INFO = NO;
				SDKROOT = iphoneos;
				TARGETED_DEVICE_FAMILY = "1,2";
				VALIDATE_PRODUCT = YES;
			};
			name = Release;
		};
		3D89412D1DCB165F00C32529 /* Debug */ = {
			isa = XCBuildConfiguration;
			buildSettings = {
				ASSETCATALOG_COMPILER_APPICON_NAME = AppIcon;
				DEVELOPMENT_TEAM = ZQ58X4RGMX;
				INFOPLIST_FILE = CPStreamingMedia/Info.plist;
				LD_RUNPATH_SEARCH_PATHS = "$(inherited) @executable_path/Frameworks";
				OTHER_CFLAGS = "-DNO_CRYPTO";
				PRODUCT_BUNDLE_IDENTIFIER = com.lesports.ilivesports;
				PRODUCT_NAME = "$(TARGET_NAME)";
			};
			name = Debug;
		};
		3D89412E1DCB165F00C32529 /* Release */ = {
			isa = XCBuildConfiguration;
			buildSettings = {
				ASSETCATALOG_COMPILER_APPICON_NAME = AppIcon;
				DEVELOPMENT_TEAM = ZQ58X4RGMX;
				INFOPLIST_FILE = CPStreamingMedia/Info.plist;
				LD_RUNPATH_SEARCH_PATHS = "$(inherited) @executable_path/Frameworks";
				OTHER_CFLAGS = "-DNO_CRYPTO";
				PRODUCT_BUNDLE_IDENTIFIER = com.lesports.ilivesports;
				PRODUCT_NAME = "$(TARGET_NAME)";
			};
			name = Release;
		};
/* End XCBuildConfiguration section */

/* Begin XCConfigurationList section */
		3D8941101DCB165F00C32529 /* Build configuration list for PBXProject "CPStreamingMedia" */ = {
			isa = XCConfigurationList;
			buildConfigurations = (
				3D89412A1DCB165F00C32529 /* Debug */,
				3D89412B1DCB165F00C32529 /* Release */,
			);
			defaultConfigurationIsVisible = 0;
			defaultConfigurationName = Release;
		};
		3D89412C1DCB165F00C32529 /* Build configuration list for PBXNativeTarget "CPStreamingMedia" */ = {
			isa = XCConfigurationList;
			buildConfigurations = (
				3D89412D1DCB165F00C32529 /* Debug */,
				3D89412E1DCB165F00C32529 /* Release */,
			);
			defaultConfigurationIsVisible = 0;
			defaultConfigurationName = Release;
		};
/* End XCConfigurationList section */
	};
	rootObject = 3D89410D1DCB165F00C32529 /* Project object */;
}
