// !$*UTF8*$!
{
	archiveVersion = 1;
	classes = {
	};
	objectVersion = 46;
	objects = {

/* Begin PBXBuildFile section */
		3D89411A1DCB165F00C32529 /* main.m in Sources */ = {isa = PBXBuildFile; fileRef = 3D8941191DCB165F00C32529 /* main.m */; };
		3D89411D1DCB165F00C32529 /* AppDelegate.m in Sources */ = {isa = PBXBuildFile; fileRef = 3D89411C1DCB165F00C32529 /* AppDelegate.m */; };
		3D8941201DCB165F00C32529 /* ViewController.m in Sources */ = {isa = PBXBuildFile; fileRef = 3D89411F1DCB165F00C32529 /* ViewController.m */; };
		3D8941231DCB165F00C32529 /* Main.storyboard in Resources */ = {isa = PBXBuildFile; fileRef = 3D8941211DCB165F00C32529 /* Main.storyboard */; };
		3D8941251DCB165F00C32529 /* Assets.xcassets in Resources */ = {isa = PBXBuildFile; fileRef = 3D8941241DCB165F00C32529 /* Assets.xcassets */; };
		3D8941281DCB165F00C32529 /* LaunchScreen.storyboard in Resources */ = {isa = PBXBuildFile; fileRef = 3D8941261DCB165F00C32529 /* LaunchScreen.storyboard */; };
/* End PBXBuildFile section */

/* Begin PBXFileReference section */
		3D8941151DCB165F00C32529 /* CPStreamingMedia.app */ = {isa = PBXFileReference; explicitFileType = wrapper.application; includeInIndex = 0; path = CPStreamingMedia.app; sourceTree = BUILT_PRODUCTS_DIR; };
		3D8941191DCB165F00C32529 /* main.m */ = {isa = PBXFileReference; lastKnownFileType = sourcecode.c.objc; path = main.m; sourceTree = "<group>"; };
		3D89411B1DCB165F00C32529 /* AppDelegate.h */ = {isa = PBXFileReference; lastKnownFileType = sourcecode.c.h; path = AppDelegate.h; sourceTree = "<group>"; };
		3D89411C1DCB165F00C32529 /* AppDelegate.m */ = {isa = PBXFileReference; lastKnownFileType = sourcecode.c.objc; path = AppDelegate.m; sourceTree = "<group>"; };
		3D89411E1DCB165F00C32529 /* ViewController.h */ = {isa = PBXFileReference; lastKnownFileType = sourcecode.c.h; path = ViewController.h; sourceTree = "<group>"; };
		3D89411F1DCB165F00C32529 /* ViewController.m */ = {isa = PBXFileReference; lastKnownFileType = sourcecode.c.objc; path = ViewController.m; sourceTree = "<group>"; };
		3D8941221DCB165F00C32529 /* Base */ = {isa = PBXFileReference; lastKnownFileType = file.storyboard; name = Base; path = Base.lproj/Main.storyboard; sourceTree = "<group>"; };
		3D8941241DCB165F00C32529 /* Assets.xcassets */ = {isa = PBXFileReference; lastKnownFileType = folder.assetcatalog; path = Assets.xcassets; sourceTree = "<group>"; };
		3D8941271DCB165F00C32529 /* Base */ = {isa = PBXFileReference; lastKnownFileType = file.storyboard; name = Base; path = Base.lproj/LaunchScreen.storyboard; sourceTree = "<group>"; };
		3D8941291DCB165F00C32529 /* Info.plist */ = {isa = PBXFileReference; lastKnownFileType = text.plist.xml; path = Info.plist; sourceTree = "<group>"; };
/* End PBXFileReference section */

/* Begin PBXFrameworksBuildPhase section */
		3D8941121DCB165F00C32529 /* Frameworks */ = {
			isa = PBXFrameworksBuildPhase;
			buildActionMask = 2147483647;
			files = (
			);
			runOnlyForDeploymentPostprocessing = 0;
		};
/* End PBXFrameworksBuildPhase section */

/* Begin PBXGroup section */
		3D89410C1DCB165F00C32529 = {
			isa = PBXGroup;
			children = (
				3D8941171DCB165F00C32529 /* CPStreamingMedia */,
				3D8941161DCB165F00C32529 /* Products */,
			);
			sourceTree = "<group>";
		};
		3D8941161DCB165F00C32529 /* Products */ = {
			isa = PBXGroup;
			children = (
				3D8941151DCB165F00C32529 /* CPStreamingMedia.app */,
			);
			name = Products;
			sourceTree = "<group>";
		};
		3D8941171DCB165F00C32529 /* CPStreamingMedia */ = {
			isa = PBXGroup;
			children = (
				3D89411B1DCB165F00C32529 /* AppDelegate.h */,
				3D89411C1DCB165F00C32529 /* AppDelegate.m */,
				3D89411E1DCB165F00C32529 /* ViewController.h */,
				3D89411F1DCB165F00C32529 /* ViewController.m */,
				3D8941211DCB165F00C32529 /* Main.storyboard */,
				3D8941241DCB165F00C32529 /* Assets.xcassets */,
				3D8941261DCB165F00C32529 /* LaunchScreen.storyboard */,
				3D8941291DCB165F00C32529 /* Info.plist */,
				3D8941181DCB165F00C32529 /* Supporting Files */,
			);
			path = CPStreamingMedia;
			sourceTree = "<group>";
		};
		3D8941181DCB165F00C32529 /* Supporting Files */ = {
			isa = PBXGroup;
			children = (
				3D8941191DCB165F00C32529 /* main.m */,
			);
			name = "Supporting Files";
			sourceTree = "<group>";
		};
/* End PBXGroup section */

/* Begin PBXNativeTarget section */
		3D8941141DCB165F00C32529 /* CPStreamingMedia */ = {
			isa = PBXNativeTarget;
			buildConfigurationList = 3D89412C1DCB165F00C32529 /* Build configuration list for PBXNativeTarget "CPStreamingMedia" */;
			buildPhases = (
				3D8941111DCB165F00C32529 /* Sources */,
				3D8941121DCB165F00C32529 /* Frameworks */,
				3D8941131DCB165F00C32529 /* Resources */,
			);
			buildRules = (
			);
			dependencies = (
			);
			name = CPStreamingMedia;
			productName = CPStreamingMedia;
			productReference = 3D8941151DCB165F00C32529 /* CPStreamingMedia.app */;
			productType = "com.apple.product-type.application";
		};
/* End PBXNativeTarget section */

/* Begin PBXProject section */
		3D89410D1DCB165F00C32529 /* Project object */ = {
			isa = PBXProject;
			attributes = {
				LastUpgradeCheck = 0800;
				ORGANIZATIONNAME = P.Chen;
				TargetAttributes = {
					3D8941141DCB165F00C32529 = {
						CreatedOnToolsVersion = 8.0;
						ProvisioningStyle = Automatic;
					};
				};
			};
			buildConfigurationList = 3D8941101DCB165F00C32529 /* Build configuration list for PBXProject "CPStreamingMedia" */;
			compatibilityVersion = "Xcode 3.2";
			developmentRegion = English;
			hasScannedForEncodings = 0;
			knownRegions = (
				en,
				Base,
			);
			mainGroup = 3D89410C1DCB165F00C32529;
			productRefGroup = 3D8941161DCB165F00C32529 /* Products */;
			projectDirPath = "";
			projectRoot = "";
			targets = (
				3D8941141DCB165F00C32529 /* CPStreamingMedia */,
			);
		};
/* End PBXProject section */

/* Begin PBXResourcesBuildPhase section */
		3D8941131DCB165F00C32529 /* Resources */ = {
			isa = PBXResourcesBuildPhase;
			buildActionMask = 2147483647;
			files = (
				3D8941281DCB165F00C32529 /* LaunchScreen.storyboard in Resources */,
				3D8941251DCB165F00C32529 /* Assets.xcassets in Resources */,
				3D8941231DCB165F00C32529 /* Main.storyboard in Resources */,
			);
			runOnlyForDeploymentPostprocessing = 0;
		};
/* End PBXResourcesBuildPhase section */

/* Begin PBXSourcesBuildPhase section */
		3D8941111DCB165F00C32529 /* Sources */ = {
			isa = PBXSourcesBuildPhase;
			buildActionMask = 2147483647;
			files = (
				3D8941201DCB165F00C32529 /* ViewController.m in Sources */,
				3D89411D1DCB165F00C32529 /* AppDelegate.m in Sources */,
				3D89411A1DCB165F00C32529 /* main.m in Sources */,
			);
			runOnlyForDeploymentPostprocessing = 0;
		};
/* End PBXSourcesBuildPhase section */

/* Begin PBXVariantGroup section */
		3D8941211DCB165F00C32529 /* Main.storyboard */ = {
			isa = PBXVariantGroup;
			children = (
				3D8941221DCB165F00C32529 /* Base */,
			);
			name = Main.storyboard;
			sourceTree = "<group>";
		};
		3D8941261DCB165F00C32529 /* LaunchScreen.storyboard */ = {
			isa = PBXVariantGroup;
			children = (
				3D8941271DCB165F00C32529 /* Base */,
			);
			name = LaunchScreen.storyboard;
			sourceTree = "<group>";
		};
/* End PBXVariantGroup section */

/* Begin XCBuildConfiguration section */
		3D89412A1DCB165F00C32529 /* Debug */ = {
			isa = XCBuildConfiguration;
			buildSettings = {
				ALWAYS_SEARCH_USER_PATHS = NO;
				CLANG_ANALYZER_NONNULL = YES;
				CLANG_CXX_LANGUAGE_STANDARD = "gnu++0x";
				CLANG_CXX_LIBRARY = "libc++";
				CLANG_ENABLE_MODULES = YES;
				CLANG_ENABLE_OBJC_ARC = YES;
				CLANG_WARN_BOOL_CONVERSION = YES;
				CLANG_WARN_CONSTANT_CONVERSION = YES;
				CLANG_WARN_DIRECT_OBJC_ISA_USAGE = YES_ERROR;
				CLANG_WARN_DOCUMENTATION_COMMENTS = YES;
				CLANG_WARN_EMPTY_BODY = YES;
				CLANG_WARN_ENUM_CONVERSION = YES;
				CLANG_WARN_INFINITE_RECURSION = YES;
				CLANG_WARN_INT_CONVERSION = YES;
				CLANG_WARN_OBJC_ROOT_CLASS = YES_ERROR;
				CLANG_WARN_SUSPICIOUS_MOVES = YES;
				CLANG_WARN_UNREACHABLE_CODE = YES;
				CLANG_WARN__DUPLICATE_METHOD_MATCH = YES;
				"CODE_SIGN_IDENTITY[sdk=iphoneos*]" = "iPhone Developer";
				COPY_PHASE_STRIP = NO;
				DEBUG_INFORMATION_FORMAT = dwarf;
				ENABLE_STRICT_OBJC_MSGSEND = YES;
				ENABLE_TESTABILITY = YES;
				GCC_C_LANGUAGE_STANDARD = gnu99;
				GCC_DYNAMIC_NO_PIC = NO;
				GCC_NO_COMMON_BLOCKS = YES;
				GCC_OPTIMIZATION_LEVEL = 0;
				GCC_PREPROCESSOR_DEFINITIONS = (
					"DEBUG=1",
					"$(inherited)",
				);
				GCC_WARN_64_TO_32_BIT_CONVERSION = YES;
				GCC_WARN_ABOUT_RETURN_TYPE = YES_ERROR;
				GCC_WARN_UNDECLARED_SELECTOR = YES;
				GCC_WARN_UNINITIALIZED_AUTOS = YES_AGGRESSIVE;
				GCC_WARN_UNUSED_FUNCTION = YES;
				GCC_WARN_UNUSED_VARIABLE = YES;
				IPHONEOS_DEPLOYMENT_TARGET = 10.0;
				MTL_ENABLE_DEBUG_INFO = YES;
				ONLY_ACTIVE_ARCH = YES;
				SDKROOT = iphoneos;
				TARGETED_DEVICE_FAMILY = "1,2";
			};
			name = Debug;
		};
		3D89412B1DCB165F00C32529 /* Release */ = {
			isa = XCBuildConfiguration;
			buildSettings = {
				ALWAYS_SEARCH_USER_PATHS = NO;
				CLANG_ANALYZER_NONNULL = YES;
				CLANG_CXX_LANGUAGE_STANDARD = "gnu++0x";
				CLANG_CXX_LIBRARY = "libc++";
				CLANG_ENABLE_MODULES = YES;
				CLANG_ENABLE_OBJC_ARC = YES;
				CLANG_WARN_BOOL_CONVERSION = YES;
				CLANG_WARN_CONSTANT_CONVERSION = YES;
				CLANG_WARN_DIRECT_OBJC_ISA_USAGE = YES_ERROR;
				CLANG_WARN_DOCUMENTATION_COMMENTS = YES;
				CLANG_WARN_EMPTY_BODY = YES;
				CLANG_WARN_ENUM_CONVERSION = YES;
				CLANG_WARN_INFINITE_RECURSION = YES;
				CLANG_WARN_INT_CONVERSION = YES;
				CLANG_WARN_OBJC_ROOT_CLASS = YES_ERROR;
				CLANG_WARN_SUSPICIOUS_MOVES = YES;
				CLANG_WARN_UNREACHABLE_CODE = YES;
				CLANG_WARN__DUPLICATE_METHOD_MATCH = YES;
				"CODE_SIGN_IDENTITY[sdk=iphoneos*]" = "iPhone Developer";
				COPY_PHASE_STRIP = NO;
				DEBUG_INFORMATION_FORMAT = "dwarf-with-dsym";
				ENABLE_NS_ASSERTIONS = NO;
				ENABLE_STRICT_OBJC_MSGSEND = YES;
				GCC_C_LANGUAGE_STANDARD = gnu99;
				GCC_NO_COMMON_BLOCKS = YES;
				GCC_WARN_64_TO_32_BIT_CONVERSION = YES;
				GCC_WARN_ABOUT_RETURN_TYPE = YES_ERROR;
				GCC_WARN_UNDECLARED_SELECTOR = YES;
				GCC_WARN_UNINITIALIZED_AUTOS = YES_AGGRESSIVE;
				GCC_WARN_UNUSED_FUNCTION = YES;
				GCC_WARN_UNUSED_VARIABLE = YES;
				IPHONEOS_DEPLOYMENT_TARGET = 10.0;
				MTL_ENABLE_DEBUG_INFO = NO;
				SDKROOT = iphoneos;
				TARGETED_DEVICE_FAMILY = "1,2";
				VALIDATE_PRODUCT = YES;
			};
			name = Release;
		};
		3D89412D1DCB165F00C32529 /* Debug */ = {
			isa = XCBuildConfiguration;
			buildSettings = {
				ASSETCATALOG_COMPILER_APPICON_NAME = AppIcon;
				INFOPLIST_FILE = CPStreamingMedia/Info.plist;
				LD_RUNPATH_SEARCH_PATHS = "$(inherited) @executable_path/Frameworks";
				PRODUCT_BUNDLE_IDENTIFIER = com.cp.CPStreamingMedia;
				PRODUCT_NAME = "$(TARGET_NAME)";
			};
			name = Debug;
		};
		3D89412E1DCB165F00C32529 /* Release */ = {
			isa = XCBuildConfiguration;
			buildSettings = {
				ASSETCATALOG_COMPILER_APPICON_NAME = AppIcon;
				INFOPLIST_FILE = CPStreamingMedia/Info.plist;
				LD_RUNPATH_SEARCH_PATHS = "$(inherited) @executable_path/Frameworks";
				PRODUCT_BUNDLE_IDENTIFIER = com.cp.CPStreamingMedia;
				PRODUCT_NAME = "$(TARGET_NAME)";
			};
			name = Release;
		};
/* End XCBuildConfiguration section */

/* Begin XCConfigurationList section */
		3D8941101DCB165F00C32529 /* Build configuration list for PBXProject "CPStreamingMedia" */ = {
			isa = XCConfigurationList;
			buildConfigurations = (
				3D89412A1DCB165F00C32529 /* Debug */,
				3D89412B1DCB165F00C32529 /* Release */,
			);
			defaultConfigurationIsVisible = 0;
			defaultConfigurationName = Release;
		};
		3D89412C1DCB165F00C32529 /* Build configuration list for PBXNativeTarget "CPStreamingMedia" */ = {
			isa = XCConfigurationList;
			buildConfigurations = (
				3D89412D1DCB165F00C32529 /* Debug */,
				3D89412E1DCB165F00C32529 /* Release */,
			);
			defaultConfigurationIsVisible = 0;
		};
/* End XCConfigurationList section */
	};
	rootObject = 3D89410D1DCB165F00C32529 /* Project object */;
}
